
Microsoft Visual Studio Solution File, Format Version 12.00
# Visual Studio Version 16
VisualStudioVersion = 16.0.30523.141
MinimumVisualStudioVersion = 10.0.40219.1
Project("{FAE04EC0-301F-11D3-BF4B-00C04F79EFBC}") = "OssDays.ServerlessAPI", "OssDays.ServerlessAPI\OssDays.ServerlessAPI.csproj", "{2342F12C-C4AE-4A19-B1A3-C53F6399ACCA}"
EndProject
Global
	GlobalSection(SolutionConfigurationPlatforms) = preSolution
		Debug|Any CPU = Debug|Any CPU
		Release|Any CPU = Release|Any CPU
	EndGlobalSection
	GlobalSection(ProjectConfigurationPlatforms) = postSolution
		{2342F12C-C4AE-4A19-B1A3-C53F6399ACCA}.Debug|Any CPU.ActiveCfg = Debug|Any CPU
		{2342F12C-C4AE-4A19-B1A3-C53F6399ACCA}.Debug|Any CPU.Build.0 = Debug|Any CPU
		{2342F12C-C4AE-4A19-B1A3-C53F6399ACCA}.Release|Any CPU.ActiveCfg = Release|Any CPU
		{2342F12C-C4AE-4A19-B1A3-C53F6399ACCA}.Release|Any CPU.Build.0 = Release|Any CPU
	EndGlobalSection
	GlobalSection(SolutionProperties) = preSolution
		HideSolutionNode = FALSE
	EndGlobalSection
	GlobalSection(ExtensibilityGlobals) = postSolution
		SolutionGuid = {1EA8EA79-DC7A-423E-9936-37A133E6C8AB}
	EndGlobalSection
EndGlobal
